
Microsoft Visual Studio Solution File, Format Version 12.00
# Visual Studio 15
VisualStudioVersion = 15.0.26730.12
MinimumVisualStudioVersion = 10.0.40219.1
Project("{FAE04EC0-301F-11D3-BF4B-00C04F79EFBC}") = "WpfApp1", "WpfApp1\WpfApp1.csproj", "{161CEA82-AB2D-428F-BE8D-80A7B645278A}"
EndProject
Project("{FAE04EC0-301F-11D3-BF4B-00C04F79EFBC}") = "PeopleLibrary", "PeopleLibrary\PeopleLibrary.csproj", "{585B8A4B-94F6-49C6-9FDC-5266E9C83ED4}"
EndProject
Project("{FAE04EC0-301F-11D3-BF4B-00C04F79EFBC}") = "CommonLibrary", "CommonLibrary\CommonLibrary.csproj", "{E5EB5BD8-F5ED-4FFB-9281-49C5F46DBA99}"
EndProject
Global
	GlobalSection(SolutionConfigurationPlatforms) = preSolution
		Debug|Any CPU = Debug|Any CPU
		Release|Any CPU = Release|Any CPU
	EndGlobalSection
	GlobalSection(ProjectConfigurationPlatforms) = postSolution
		{161CEA82-AB2D-428F-BE8D-80A7B645278A}.Debug|Any CPU.ActiveCfg = Debug|Any CPU
		{161CEA82-AB2D-428F-BE8D-80A7B645278A}.Debug|Any CPU.Build.0 = Debug|Any CPU
		{161CEA82-AB2D-428F-BE8D-80A7B645278A}.Release|Any CPU.ActiveCfg = Release|Any CPU
		{161CEA82-AB2D-428F-BE8D-80A7B645278A}.Release|Any CPU.Build.0 = Release|Any CPU
		{585B8A4B-94F6-49C6-9FDC-5266E9C83ED4}.Debug|Any CPU.ActiveCfg = Debug|Any CPU
		{585B8A4B-94F6-49C6-9FDC-5266E9C83ED4}.Debug|Any CPU.Build.0 = Debug|Any CPU
		{585B8A4B-94F6-49C6-9FDC-5266E9C83ED4}.Release|Any CPU.ActiveCfg = Release|Any CPU
		{585B8A4B-94F6-49C6-9FDC-5266E9C83ED4}.Release|Any CPU.Build.0 = Release|Any CPU
		{E5EB5BD8-F5ED-4FFB-9281-49C5F46DBA99}.Debug|Any CPU.ActiveCfg = Debug|Any CPU
		{E5EB5BD8-F5ED-4FFB-9281-49C5F46DBA99}.Debug|Any CPU.Build.0 = Debug|Any CPU
		{E5EB5BD8-F5ED-4FFB-9281-49C5F46DBA99}.Release|Any CPU.ActiveCfg = Release|Any CPU
		{E5EB5BD8-F5ED-4FFB-9281-49C5F46DBA99}.Release|Any CPU.Build.0 = Release|Any CPU
	EndGlobalSection
	GlobalSection(SolutionProperties) = preSolution
		HideSolutionNode = FALSE
	EndGlobalSection
	GlobalSection(ExtensibilityGlobals) = postSolution
		SolutionGuid = {FF5C2FAA-CB09-44A0-B29E-C64F7E66AC35}
	EndGlobalSection
EndGlobal
